
Microsoft Visual Studio Solution File, Format Version 12.00
# Visual Studio Version 16
VisualStudioVersion = 16.0.30804.86
MinimumVisualStudioVersion = 10.0.40219.1
Project("{FAE04EC0-301F-11D3-BF4B-00C04F79EFBC}") = "Exam", "Exam\Exam.csproj", "{108C70B3-BDC0-4984-8407-85CF77D32234}"
EndProject
Global
	GlobalSection(SolutionConfigurationPlatforms) = preSolution
		Debug|Any CPU = Debug|Any CPU
		Release|Any CPU = Release|Any CPU
	EndGlobalSection
	GlobalSection(ProjectConfigurationPlatforms) = postSolution
		{108C70B3-BDC0-4984-8407-85CF77D32234}.Debug|Any CPU.ActiveCfg = Debug|Any CPU
		{108C70B3-BDC0-4984-8407-85CF77D32234}.Debug|Any CPU.Build.0 = Debug|Any CPU
		{108C70B3-BDC0-4984-8407-85CF77D32234}.Release|Any CPU.ActiveCfg = Release|Any CPU
		{108C70B3-BDC0-4984-8407-85CF77D32234}.Release|Any CPU.Build.0 = Release|Any CPU
	EndGlobalSection
	GlobalSection(SolutionProperties) = preSolution
		HideSolutionNode = FALSE
	EndGlobalSection
	GlobalSection(ExtensibilityGlobals) = postSolution
		SolutionGuid = {DE8710DF-EB08-4DA1-973A-8CD91DDDBB68}
	EndGlobalSection
EndGlobal
